
Microsoft Visual Studio Solution File, Format Version 12.00
# Visual Studio Version 17
VisualStudioVersion = 17.7.34031.279
MinimumVisualStudioVersion = 10.0.40219.1
Project("{FAE04EC0-301F-11D3-BF4B-00C04F79EFBC}") = "DocFile", "DocFile\DocFile.csproj", "{39FDC291-86DE-42B6-8EFD-7A006F6CA301}"
EndProject
Project("{FAE04EC0-301F-11D3-BF4B-00C04F79EFBC}") = "DocFile2", "DocFile2\DocFile2.csproj", "{81556EC3-4E1C-42B7-91E8-CDFB80B56C72}"
EndProject
Global
	GlobalSection(SolutionConfigurationPlatforms) = preSolution
		Debug|Any CPU = Debug|Any CPU
		Release|Any CPU = Release|Any CPU
	EndGlobalSection
	GlobalSection(ProjectConfigurationPlatforms) = postSolution
		{39FDC291-86DE-42B6-8EFD-7A006F6CA301}.Debug|Any CPU.ActiveCfg = Debug|Any CPU
		{39FDC291-86DE-42B6-8EFD-7A006F6CA301}.Debug|Any CPU.Build.0 = Debug|Any CPU
		{39FDC291-86DE-42B6-8EFD-7A006F6CA301}.Release|Any CPU.ActiveCfg = Release|Any CPU
		{39FDC291-86DE-42B6-8EFD-7A006F6CA301}.Release|Any CPU.Build.0 = Release|Any CPU
		{81556EC3-4E1C-42B7-91E8-CDFB80B56C72}.Debug|Any CPU.ActiveCfg = Debug|Any CPU
		{81556EC3-4E1C-42B7-91E8-CDFB80B56C72}.Debug|Any CPU.Build.0 = Debug|Any CPU
		{81556EC3-4E1C-42B7-91E8-CDFB80B56C72}.Release|Any CPU.ActiveCfg = Release|Any CPU
		{81556EC3-4E1C-42B7-91E8-CDFB80B56C72}.Release|Any CPU.Build.0 = Release|Any CPU
	EndGlobalSection
	GlobalSection(SolutionProperties) = preSolution
		HideSolutionNode = FALSE
	EndGlobalSection
	GlobalSection(ExtensibilityGlobals) = postSolution
		SolutionGuid = {0A854674-A0D7-4A7E-945B-1072B89729CE}
	EndGlobalSection
EndGlobal
